{
  "name": "@webis-de/scai-eval24-dataset-validator",
  "version": "1.0.0",
  "lockfileVersion": 3,
  "requires": true,
  "packages": {
    "": {
      "name": "@webis-de/scai-eval24-dataset-validator",
      "version": "1.0.0",
      "license": "MIT",
      "bin": {
        "scai-eval24-dataset-validator": "bin/scai-eval24-dataset-validator.js"
      }
    }
  }
}
